
Microsoft Visual Studio Solution File, Format Version 12.00
# Visual Studio 14
VisualStudioVersion = 14.0.24720.0
MinimumVisualStudioVersion = 10.0.40219.1
Project("{FAE04EC0-301F-11D3-BF4B-00C04F79EFBC}") = "Data_Generator", "Data_Generator\Data_Generator.csproj", "{27514261-886C-49AF-A0E9-3D762DBBFF5B}"
EndProject
Global
	GlobalSection(SolutionConfigurationPlatforms) = preSolution
		Debug|Any CPU = Debug|Any CPU
		Release|Any CPU = Release|Any CPU
	EndGlobalSection
	GlobalSection(ProjectConfigurationPlatforms) = postSolution
		{27514261-886C-49AF-A0E9-3D762DBBFF5B}.Debug|Any CPU.ActiveCfg = Debug|Any CPU
		{27514261-886C-49AF-A0E9-3D762DBBFF5B}.Debug|Any CPU.Build.0 = Debug|Any CPU
		{27514261-886C-49AF-A0E9-3D762DBBFF5B}.Release|Any CPU.ActiveCfg = Release|Any CPU
		{27514261-886C-49AF-A0E9-3D762DBBFF5B}.Release|Any CPU.Build.0 = Release|Any CPU
	EndGlobalSection
	GlobalSection(SolutionProperties) = preSolution
		HideSolutionNode = FALSE
	EndGlobalSection
EndGlobal
